
Microsoft Visual Studio Solution File, Format Version 12.00
# Visual Studio 15
VisualStudioVersion = 15.0.28307.438
MinimumVisualStudioVersion = 10.0.40219.1
Project("{FAE04EC0-301F-11D3-BF4B-00C04F79EFBC}") = "SearchService", "SearchService\SearchService.csproj", "{2CAEA9C1-D2E7-431A-A51A-84D402EAE5B6}"
EndProject
Project("{FAE04EC0-301F-11D3-BF4B-00C04F79EFBC}") = "SearchService.Facade", "SearchService.Facade\SearchService.Facade.csproj", "{9B1600A4-6DBD-4806-8AFF-31C2E3D356A2}"
EndProject
Project("{FAE04EC0-301F-11D3-BF4B-00C04F79EFBC}") = "SearchService.Infrastructure", "SearchService.Infrastructure\SearchService.Infrastructure.csproj", "{A363155C-D67A-47BE-B6B6-7394FA26DDF8}"
EndProject
Project("{FAE04EC0-301F-11D3-BF4B-00C04F79EFBC}") = "SearchService.Config", "SearchService.Config\SearchService.Config.csproj", "{EDB676FB-ADC4-4083-9CC7-3D49542BED47}"
EndProject
Project("{FAE04EC0-301F-11D3-BF4B-00C04F79EFBC}") = "SearchService.Data", "SearchService.Data\SearchService.Data.csproj", "{472E72D4-B9F4-4196-92D9-652ED2EA8273}"
EndProject
Project("{FAE04EC0-301F-11D3-BF4B-00C04F79EFBC}") = "SearchService.Tests", "SearchService.Tests\SearchService.Tests.csproj", "{3717BC19-3911-4B7B-918A-765856AFD012}"
EndProject
Global
	GlobalSection(SolutionConfigurationPlatforms) = preSolution
		Debug|Any CPU = Debug|Any CPU
		Debug|ARM = Debug|ARM
		Debug|ARM64 = Debug|ARM64
		Debug|x64 = Debug|x64
		Debug|x86 = Debug|x86
		Release|Any CPU = Release|Any CPU
		Release|ARM = Release|ARM
		Release|ARM64 = Release|ARM64
		Release|x64 = Release|x64
		Release|x86 = Release|x86
	EndGlobalSection
	GlobalSection(ProjectConfigurationPlatforms) = postSolution
		{2CAEA9C1-D2E7-431A-A51A-84D402EAE5B6}.Debug|Any CPU.ActiveCfg = Debug|Any CPU
		{2CAEA9C1-D2E7-431A-A51A-84D402EAE5B6}.Debug|Any CPU.Build.0 = Debug|Any CPU
		{2CAEA9C1-D2E7-431A-A51A-84D402EAE5B6}.Debug|ARM.ActiveCfg = Debug|Any CPU
		{2CAEA9C1-D2E7-431A-A51A-84D402EAE5B6}.Debug|ARM.Build.0 = Debug|Any CPU
		{2CAEA9C1-D2E7-431A-A51A-84D402EAE5B6}.Debug|ARM64.ActiveCfg = Debug|Any CPU
		{2CAEA9C1-D2E7-431A-A51A-84D402EAE5B6}.Debug|ARM64.Build.0 = Debug|Any CPU
		{2CAEA9C1-D2E7-431A-A51A-84D402EAE5B6}.Debug|x64.ActiveCfg = Debug|Any CPU
		{2CAEA9C1-D2E7-431A-A51A-84D402EAE5B6}.Debug|x64.Build.0 = Debug|Any CPU
		{2CAEA9C1-D2E7-431A-A51A-84D402EAE5B6}.Debug|x86.ActiveCfg = Debug|Any CPU
		{2CAEA9C1-D2E7-431A-A51A-84D402EAE5B6}.Debug|x86.Build.0 = Debug|Any CPU
		{2CAEA9C1-D2E7-431A-A51A-84D402EAE5B6}.Release|Any CPU.ActiveCfg = Release|Any CPU
		{2CAEA9C1-D2E7-431A-A51A-84D402EAE5B6}.Release|Any CPU.Build.0 = Release|Any CPU
		{2CAEA9C1-D2E7-431A-A51A-84D402EAE5B6}.Release|ARM.ActiveCfg = Release|Any CPU
		{2CAEA9C1-D2E7-431A-A51A-84D402EAE5B6}.Release|ARM.Build.0 = Release|Any CPU
		{2CAEA9C1-D2E7-431A-A51A-84D402EAE5B6}.Release|ARM64.ActiveCfg = Release|Any CPU
		{2CAEA9C1-D2E7-431A-A51A-84D402EAE5B6}.Release|ARM64.Build.0 = Release|Any CPU
		{2CAEA9C1-D2E7-431A-A51A-84D402EAE5B6}.Release|x64.ActiveCfg = Release|Any CPU
		{2CAEA9C1-D2E7-431A-A51A-84D402EAE5B6}.Release|x64.Build.0 = Release|Any CPU
		{2CAEA9C1-D2E7-431A-A51A-84D402EAE5B6}.Release|x86.ActiveCfg = Release|Any CPU
		{2CAEA9C1-D2E7-431A-A51A-84D402EAE5B6}.Release|x86.Build.0 = Release|Any CPU
		{9B1600A4-6DBD-4806-8AFF-31C2E3D356A2}.Debug|Any CPU.ActiveCfg = Debug|Any CPU
		{9B1600A4-6DBD-4806-8AFF-31C2E3D356A2}.Debug|Any CPU.Build.0 = Debug|Any CPU
		{9B1600A4-6DBD-4806-8AFF-31C2E3D356A2}.Debug|ARM.ActiveCfg = Debug|Any CPU
		{9B1600A4-6DBD-4806-8AFF-31C2E3D356A2}.Debug|ARM.Build.0 = Debug|Any CPU
		{9B1600A4-6DBD-4806-8AFF-31C2E3D356A2}.Debug|ARM64.ActiveCfg = Debug|Any CPU
		{9B1600A4-6DBD-4806-8AFF-31C2E3D356A2}.Debug|ARM64.Build.0 = Debug|Any CPU
		{9B1600A4-6DBD-4806-8AFF-31C2E3D356A2}.Debug|x64.ActiveCfg = Debug|Any CPU
		{9B1600A4-6DBD-4806-8AFF-31C2E3D356A2}.Debug|x64.Build.0 = Debug|Any CPU
		{9B1600A4-6DBD-4806-8AFF-31C2E3D356A2}.Debug|x86.ActiveCfg = Debug|Any CPU
		{9B1600A4-6DBD-4806-8AFF-31C2E3D356A2}.Debug|x86.Build.0 = Debug|Any CPU
		{9B1600A4-6DBD-4806-8AFF-31C2E3D356A2}.Release|Any CPU.ActiveCfg = Release|Any CPU
		{9B1600A4-6DBD-4806-8AFF-31C2E3D356A2}.Release|Any CPU.Build.0 = Release|Any CPU
		{9B1600A4-6DBD-4806-8AFF-31C2E3D356A2}.Release|ARM.ActiveCfg = Release|Any CPU
		{9B1600A4-6DBD-4806-8AFF-31C2E3D356A2}.Release|ARM.Build.0 = Release|Any CPU
		{9B1600A4-6DBD-4806-8AFF-31C2E3D356A2}.Release|ARM64.ActiveCfg = Release|Any CPU
		{9B1600A4-6DBD-4806-8AFF-31C2E3D356A2}.Release|ARM64.Build.0 = Release|Any CPU
		{9B1600A4-6DBD-4806-8AFF-31C2E3D356A2}.Release|x64.ActiveCfg = Release|Any CPU
		{9B1600A4-6DBD-4806-8AFF-31C2E3D356A2}.Release|x64.Build.0 = Release|Any CPU
		{9B1600A4-6DBD-4806-8AFF-31C2E3D356A2}.Release|x86.ActiveCfg = Release|Any CPU
		{9B1600A4-6DBD-4806-8AFF-31C2E3D356A2}.Release|x86.Build.0 = Release|Any CPU
		{A363155C-D67A-47BE-B6B6-7394FA26DDF8}.Debug|Any CPU.ActiveCfg = Debug|Any CPU
		{A363155C-D67A-47BE-B6B6-7394FA26DDF8}.Debug|Any CPU.Build.0 = Debug|Any CPU
		{A363155C-D67A-47BE-B6B6-7394FA26DDF8}.Debug|ARM.ActiveCfg = Debug|Any CPU
		{A363155C-D67A-47BE-B6B6-7394FA26DDF8}.Debug|ARM.Build.0 = Debug|Any CPU
		{A363155C-D67A-47BE-B6B6-7394FA26DDF8}.Debug|ARM64.ActiveCfg = Debug|Any CPU
		{A363155C-D67A-47BE-B6B6-7394FA26DDF8}.Debug|ARM64.Build.0 = Debug|Any CPU
		{A363155C-D67A-47BE-B6B6-7394FA26DDF8}.Debug|x64.ActiveCfg = Debug|Any CPU
		{A363155C-D67A-47BE-B6B6-7394FA26DDF8}.Debug|x64.Build.0 = Debug|Any CPU
		{A363155C-D67A-47BE-B6B6-7394FA26DDF8}.Debug|x86.ActiveCfg = Debug|Any CPU
		{A363155C-D67A-47BE-B6B6-7394FA26DDF8}.Debug|x86.Build.0 = Debug|Any CPU
		{A363155C-D67A-47BE-B6B6-7394FA26DDF8}.Release|Any CPU.ActiveCfg = Release|Any CPU
		{A363155C-D67A-47BE-B6B6-7394FA26DDF8}.Release|Any CPU.Build.0 = Release|Any CPU
		{A363155C-D67A-47BE-B6B6-7394FA26DDF8}.Release|ARM.ActiveCfg = Release|Any CPU
		{A363155C-D67A-47BE-B6B6-7394FA26DDF8}.Release|ARM.Build.0 = Release|Any CPU
		{A363155C-D67A-47BE-B6B6-7394FA26DDF8}.Release|ARM64.ActiveCfg = Release|Any CPU
		{A363155C-D67A-47BE-B6B6-7394FA26DDF8}.Release|ARM64.Build.0 = Release|Any CPU
		{A363155C-D67A-47BE-B6B6-7394FA26DDF8}.Release|x64.ActiveCfg = Release|Any CPU
		{A363155C-D67A-47BE-B6B6-7394FA26DDF8}.Release|x64.Build.0 = Release|Any CPU
		{A363155C-D67A-47BE-B6B6-7394FA26DDF8}.Release|x86.ActiveCfg = Release|Any CPU
		{A363155C-D67A-47BE-B6B6-7394FA26DDF8}.Release|x86.Build.0 = Release|Any CPU
		{EDB676FB-ADC4-4083-9CC7-3D49542BED47}.Debug|Any CPU.ActiveCfg = Debug|Any CPU
		{EDB676FB-ADC4-4083-9CC7-3D49542BED47}.Debug|Any CPU.Build.0 = Debug|Any CPU
		{EDB676FB-ADC4-4083-9CC7-3D49542BED47}.Debug|ARM.ActiveCfg = Debug|Any CPU
		{EDB676FB-ADC4-4083-9CC7-3D49542BED47}.Debug|ARM.Build.0 = Debug|Any CPU
		{EDB676FB-ADC4-4083-9CC7-3D49542BED47}.Debug|ARM64.ActiveCfg = Debug|Any CPU
		{EDB676FB-ADC4-4083-9CC7-3D49542BED47}.Debug|ARM64.Build.0 = Debug|Any CPU
		{EDB676FB-ADC4-4083-9CC7-3D49542BED47}.Debug|x64.ActiveCfg = Debug|Any CPU
		{EDB676FB-ADC4-4083-9CC7-3D49542BED47}.Debug|x64.Build.0 = Debug|Any CPU
		{EDB676FB-ADC4-4083-9CC7-3D49542BED47}.Debug|x86.ActiveCfg = Debug|Any CPU
		{EDB676FB-ADC4-4083-9CC7-3D49542BED47}.Debug|x86.Build.0 = Debug|Any CPU
		{EDB676FB-ADC4-4083-9CC7-3D49542BED47}.Release|Any CPU.ActiveCfg = Release|Any CPU
		{EDB676FB-ADC4-4083-9CC7-3D49542BED47}.Release|Any CPU.Build.0 = Release|Any CPU
		{EDB676FB-ADC4-4083-9CC7-3D49542BED47}.Release|ARM.ActiveCfg = Release|Any CPU
		{EDB676FB-ADC4-4083-9CC7-3D49542BED47}.Release|ARM.Build.0 = Release|Any CPU
		{EDB676FB-ADC4-4083-9CC7-3D49542BED47}.Release|ARM64.ActiveCfg = Release|Any CPU
		{EDB676FB-ADC4-4083-9CC7-3D49542BED47}.Release|ARM64.Build.0 = Release|Any CPU
		{EDB676FB-ADC4-4083-9CC7-3D49542BED47}.Release|x64.ActiveCfg = Release|Any CPU
		{EDB676FB-ADC4-4083-9CC7-3D49542BED47}.Release|x64.Build.0 = Release|Any CPU
		{EDB676FB-ADC4-4083-9CC7-3D49542BED47}.Release|x86.ActiveCfg = Release|Any CPU
		{EDB676FB-ADC4-4083-9CC7-3D49542BED47}.Release|x86.Build.0 = Release|Any CPU
		{472E72D4-B9F4-4196-92D9-652ED2EA8273}.Debug|Any CPU.ActiveCfg = Debug|Any CPU
		{472E72D4-B9F4-4196-92D9-652ED2EA8273}.Debug|Any CPU.Build.0 = Debug|Any CPU
		{472E72D4-B9F4-4196-92D9-652ED2EA8273}.Debug|ARM.ActiveCfg = Debug|Any CPU
		{472E72D4-B9F4-4196-92D9-652ED2EA8273}.Debug|ARM.Build.0 = Debug|Any CPU
		{472E72D4-B9F4-4196-92D9-652ED2EA8273}.Debug|ARM64.ActiveCfg = Debug|Any CPU
		{472E72D4-B9F4-4196-92D9-652ED2EA8273}.Debug|ARM64.Build.0 = Debug|Any CPU
		{472E72D4-B9F4-4196-92D9-652ED2EA8273}.Debug|x64.ActiveCfg = Debug|Any CPU
		{472E72D4-B9F4-4196-92D9-652ED2EA8273}.Debug|x64.Build.0 = Debug|Any CPU
		{472E72D4-B9F4-4196-92D9-652ED2EA8273}.Debug|x86.ActiveCfg = Debug|Any CPU
		{472E72D4-B9F4-4196-92D9-652ED2EA8273}.Debug|x86.Build.0 = Debug|Any CPU
		{472E72D4-B9F4-4196-92D9-652ED2EA8273}.Release|Any CPU.ActiveCfg = Release|Any CPU
		{472E72D4-B9F4-4196-92D9-652ED2EA8273}.Release|Any CPU.Build.0 = Release|Any CPU
		{472E72D4-B9F4-4196-92D9-652ED2EA8273}.Release|ARM.ActiveCfg = Release|Any CPU
		{472E72D4-B9F4-4196-92D9-652ED2EA8273}.Release|ARM.Build.0 = Release|Any CPU
		{472E72D4-B9F4-4196-92D9-652ED2EA8273}.Release|ARM64.ActiveCfg = Release|Any CPU
		{472E72D4-B9F4-4196-92D9-652ED2EA8273}.Release|ARM64.Build.0 = Release|Any CPU
		{472E72D4-B9F4-4196-92D9-652ED2EA8273}.Release|x64.ActiveCfg = Release|Any CPU
		{472E72D4-B9F4-4196-92D9-652ED2EA8273}.Release|x64.Build.0 = Release|Any CPU
		{472E72D4-B9F4-4196-92D9-652ED2EA8273}.Release|x86.ActiveCfg = Release|Any CPU
		{472E72D4-B9F4-4196-92D9-652ED2EA8273}.Release|x86.Build.0 = Release|Any CPU
		{3717BC19-3911-4B7B-918A-765856AFD012}.Debug|Any CPU.ActiveCfg = Debug|x86
		{3717BC19-3911-4B7B-918A-765856AFD012}.Debug|ARM.ActiveCfg = Debug|ARM
		{3717BC19-3911-4B7B-918A-765856AFD012}.Debug|ARM.Build.0 = Debug|ARM
		{3717BC19-3911-4B7B-918A-765856AFD012}.Debug|ARM.Deploy.0 = Debug|ARM
		{3717BC19-3911-4B7B-918A-765856AFD012}.Debug|ARM64.ActiveCfg = Debug|ARM64
		{3717BC19-3911-4B7B-918A-765856AFD012}.Debug|ARM64.Build.0 = Debug|ARM64
		{3717BC19-3911-4B7B-918A-765856AFD012}.Debug|ARM64.Deploy.0 = Debug|ARM64
		{3717BC19-3911-4B7B-918A-765856AFD012}.Debug|x64.ActiveCfg = Debug|x64
		{3717BC19-3911-4B7B-918A-765856AFD012}.Debug|x64.Build.0 = Debug|x64
		{3717BC19-3911-4B7B-918A-765856AFD012}.Debug|x64.Deploy.0 = Debug|x64
		{3717BC19-3911-4B7B-918A-765856AFD012}.Debug|x86.ActiveCfg = Debug|x86
		{3717BC19-3911-4B7B-918A-765856AFD012}.Debug|x86.Build.0 = Debug|x86
		{3717BC19-3911-4B7B-918A-765856AFD012}.Debug|x86.Deploy.0 = Debug|x86
		{3717BC19-3911-4B7B-918A-765856AFD012}.Release|Any CPU.ActiveCfg = Release|x86
		{3717BC19-3911-4B7B-918A-765856AFD012}.Release|ARM.ActiveCfg = Release|ARM
		{3717BC19-3911-4B7B-918A-765856AFD012}.Release|ARM.Build.0 = Release|ARM
		{3717BC19-3911-4B7B-918A-765856AFD012}.Release|ARM.Deploy.0 = Release|ARM
		{3717BC19-3911-4B7B-918A-765856AFD012}.Release|ARM64.ActiveCfg = Release|ARM64
		{3717BC19-3911-4B7B-918A-765856AFD012}.Release|ARM64.Build.0 = Release|ARM64
		{3717BC19-3911-4B7B-918A-765856AFD012}.Release|ARM64.Deploy.0 = Release|ARM64
		{3717BC19-3911-4B7B-918A-765856AFD012}.Release|x64.ActiveCfg = Release|x64
		{3717BC19-3911-4B7B-918A-765856AFD012}.Release|x64.Build.0 = Release|x64
		{3717BC19-3911-4B7B-918A-765856AFD012}.Release|x64.Deploy.0 = Release|x64
		{3717BC19-3911-4B7B-918A-765856AFD012}.Release|x86.ActiveCfg = Release|x86
		{3717BC19-3911-4B7B-918A-765856AFD012}.Release|x86.Build.0 = Release|x86
		{3717BC19-3911-4B7B-918A-765856AFD012}.Release|x86.Deploy.0 = Release|x86
	EndGlobalSection
	GlobalSection(SolutionProperties) = preSolution
		HideSolutionNode = FALSE
	EndGlobalSection
	GlobalSection(ExtensibilityGlobals) = postSolution
		SolutionGuid = {EAF325BA-CC30-4E58-B113-810E53BBEB1C}
	EndGlobalSection
EndGlobal
